
Microsoft Visual Studio Solution File, Format Version 12.00
# Visual Studio Version 17
VisualStudioVersion = 17.4.33213.308
MinimumVisualStudioVersion = 10.0.40219.1
Project("{FAE04EC0-301F-11D3-BF4B-00C04F79EFBC}") = "udp_test", "udp_test.csproj", "{AC7FE253-B882-44BC-B555-C8E7FFB33A26}"
EndProject
Global
	GlobalSection(SolutionConfigurationPlatforms) = preSolution
		Debug|Any CPU = Debug|Any CPU
		Release|Any CPU = Release|Any CPU
	EndGlobalSection
	GlobalSection(ProjectConfigurationPlatforms) = postSolution
		{AC7FE253-B882-44BC-B555-C8E7FFB33A26}.Debug|Any CPU.ActiveCfg = Debug|Any CPU
		{AC7FE253-B882-44BC-B555-C8E7FFB33A26}.Debug|Any CPU.Build.0 = Debug|Any CPU
		{AC7FE253-B882-44BC-B555-C8E7FFB33A26}.Release|Any CPU.ActiveCfg = Release|Any CPU
		{AC7FE253-B882-44BC-B555-C8E7FFB33A26}.Release|Any CPU.Build.0 = Release|Any CPU
	EndGlobalSection
	GlobalSection(SolutionProperties) = preSolution
		HideSolutionNode = FALSE
	EndGlobalSection
	GlobalSection(ExtensibilityGlobals) = postSolution
		SolutionGuid = {DBFB712C-D7B4-4296-AC82-DD1471FFD55F}
	EndGlobalSection
EndGlobal
